<?xml version="1.0" encoding="utf-8"?>
<Project ToolsVersion="4.0" xmlns="http://schemas.microsoft.com/developer/msbuild/2003">
  <ItemGroup>
    <Filter Include="Source Files">
      <UniqueIdentifier>{4FC737F1-C7A5-4376-A066-2A32D752A2FF}</UniqueIdentifier>
      <Extensions>cpp;c;cc;cxx;def;odl;idl;hpj;bat;asm;asmx</Extensions>
    </Filter>
    <Filter Include="Header Files">
      <UniqueIdentifier>{93995380-89BD-4b04-88EB-625FBE52EBFB}</UniqueIdentifier>
      <Extensions>h;hh;hpp;hxx;hm;inl;inc;xsd</Extensions>
    </Filter>
    <Filter Include="Source Files\CppBasics">
      <UniqueIdentifier>{245b1848-8233-4ca7-8a77-181d3b70969d}</UniqueIdentifier>
    </Filter>
    <Filter Include="Source Files\DataStructure">
      <UniqueIdentifier>{44a873e7-f307-48f7-9140-c489123ff2e8}</UniqueIdentifier>
    </Filter>
    <Filter Include="Source Files\STL">
      <UniqueIdentifier>{acd7967a-f070-4329-9df3-6657375161d9}</UniqueIdentifier>
    </Filter>
    <Filter Include="Source Files\DesignPattern">
      <UniqueIdentifier>{9740af05-0355-428f-9598-9bb9bfe972ab}</UniqueIdentifier>
    </Filter>
    <Filter Include="Source Files\Algorithms">
      <UniqueIdentifier>{4273c155-e148-4917-8a12-5f22ccf5a6b6}</UniqueIdentifier>
    </Filter>
    <Filter Include="Source Files\CodingPractice">
      <UniqueIdentifier>{e5ab7d24-b0ed-4ced-910c-ae19ce706ad9}</UniqueIdentifier>
    </Filter>
    <Filter Include="Source Files\TestFramework">
      <UniqueIdentifier>{2813a49a-134c-494a-9e23-a0e31ad06f0a}</UniqueIdentifier>
    </Filter>
    <Filter Include="Source Files\TestFramework\GoogleTest">
      <UniqueIdentifier>{c41990af-bd63-4917-a11d-ad22cd8899b2}</UniqueIdentifier>
    </Filter>
    <Filter Include="Source Files\TestFramework\CppUnit">
      <UniqueIdentifier>{3ec2e524-968f-495c-817f-c6b174f4e41f}</UniqueIdentifier>
    </Filter>
    <Filter Include="Source Files\DataStructure\LinkedList">
      <UniqueIdentifier>{0ef23237-71d7-4e95-a4ef-bac8f78bf323}</UniqueIdentifier>
    </Filter>
    <Filter Include="Source Files\DataStructure\Problem">
      <UniqueIdentifier>{fc4281f5-5cc7-49e9-979f-a6045c4a10e8}</UniqueIdentifier>
    </Filter>
    <Filter Include="Source Files\DataStructure\Stack">
      <UniqueIdentifier>{92fa0b39-e9b6-49dc-884d-a5784bad6491}</UniqueIdentifier>
    </Filter>
    <Filter Include="Source Files\DataStructure\Queue">
      <UniqueIdentifier>{58c6e126-47ee-441d-bf5e-667c417a3c30}</UniqueIdentifier>
    </Filter>
  </ItemGroup>
  <ItemGroup>
    <Text Include="GoogleTestInfo.txt">
      <Filter>Source Files\TestFramework\GoogleTest</Filter>
    </Text>
  </ItemGroup>
  <ItemGroup>
    <ClCompile Include="Dependency\gtest\src\gtest-all.cc">
      <Filter>Source Files\TestFramework\GoogleTest</Filter>
    </ClCompile>
    <ClCompile Include="GoogleTest.cpp">
      <Filter>Source Files\TestFramework\GoogleTest</Filter>
    </ClCompile>
    <ClCompile Include="MySinglyLinkedList.cpp">
      <Filter>Source Files\DataStructure\LinkedList</Filter>
    </ClCompile>
    <ClCompile Include="DS_Problem.cpp">
      <Filter>Source Files\DataStructure\Problem</Filter>
    </ClCompile>
    <ClCompile Include="Test_DS_Problem.cpp">
      <Filter>Source Files\DataStructure\Problem</Filter>
    </ClCompile>
    <ClCompile Include="Test_MySinglyLinkedList.cpp">
      <Filter>Source Files\DataStructure\LinkedList</Filter>
    </ClCompile>
    <ClCompile Include="Test_CppUnit.cpp">
      <Filter>Source Files\TestFramework\CppUnit</Filter>
    </ClCompile>
    <ClCompile Include="LinkedList_main.cpp">
      <Filter>Source Files</Filter>
    </ClCompile>
    <ClCompile Include="main.cpp">
      <Filter>Source Files\TestFramework\CppUnit</Filter>
    </ClCompile>
    <ClCompile Include="MyStack.cpp">
      <Filter>Source Files\DataStructure\Stack</Filter>
    </ClCompile>
    <ClCompile Include="Test_MyStack.cpp">
      <Filter>Source Files\DataStructure\Stack</Filter>
    </ClCompile>
    <ClCompile Include="MyStackUsingList.cpp">
      <Filter>Source Files\DataStructure\Stack</Filter>
    </ClCompile>
  </ItemGroup>
  <ItemGroup>
    <ClInclude Include="MySinglyLinkedList.h">
      <Filter>Header Files</Filter>
    </ClInclude>
    <ClInclude Include="DS_Problem.h">
      <Filter>Header Files</Filter>
    </ClInclude>
    <ClInclude Include="Test_CppUnit.h">
      <Filter>Source Files\TestFramework\CppUnit</Filter>
    </ClInclude>
    <ClInclude Include="MyStack.h">
      <Filter>Header Files</Filter>
    </ClInclude>
    <ClInclude Include="BaseHeader.h">
      <Filter>Header Files</Filter>
    </ClInclude>
    <ClInclude Include="MyStackUsingList.h">
      <Filter>Header Files</Filter>
    </ClInclude>
  </ItemGroup>
</Project>