<?xml version="1.0" encoding="utf-8"?>
<Project ToolsVersion="4.0" xmlns="http://schemas.microsoft.com/developer/msbuild/2003">
  <ItemGroup>
    <Filter Include="Source Files">
      <UniqueIdentifier>{4FC737F1-C7A5-4376-A066-2A32D752A2FF}</UniqueIdentifier>
      <Extensions>cpp;c;cc;cxx;def;odl;idl;hpj;bat;asm;asmx</Extensions>
    </Filter>
    <Filter Include="Header Files">
      <UniqueIdentifier>{93995380-89BD-4b04-88EB-625FBE52EBFB}</UniqueIdentifier>
      <Extensions>h;hh;hpp;hxx;hm;inl;inc;xsd</Extensions>
    </Filter>
    <Filter Include="Resource Files">
      <UniqueIdentifier>{67DA6AB6-F800-4c08-8B7A-83BB121AAD01}</UniqueIdentifier>
      <Extensions>rc;ico;cur;bmp;dlg;rc2;rct;bin;rgs;gif;jpg;jpeg;jpe;resx;tiff;tif;png;wav;mfcribbon-ms</Extensions>
    </Filter>
    <Filter Include="Source Files\CppBasics">
      <UniqueIdentifier>{245b1848-8233-4ca7-8a77-181d3b70969d}</UniqueIdentifier>
    </Filter>
    <Filter Include="Source Files\DataStructure">
      <UniqueIdentifier>{44a873e7-f307-48f7-9140-c489123ff2e8}</UniqueIdentifier>
    </Filter>
    <Filter Include="Source Files\STL">
      <UniqueIdentifier>{acd7967a-f070-4329-9df3-6657375161d9}</UniqueIdentifier>
    </Filter>
    <Filter Include="Source Files\DesignPattern">
      <UniqueIdentifier>{9740af05-0355-428f-9598-9bb9bfe972ab}</UniqueIdentifier>
    </Filter>
    <Filter Include="Source Files\Algorithms">
      <UniqueIdentifier>{4273c155-e148-4917-8a12-5f22ccf5a6b6}</UniqueIdentifier>
    </Filter>
    <Filter Include="Source Files\CodingPractice">
      <UniqueIdentifier>{e5ab7d24-b0ed-4ced-910c-ae19ce706ad9}</UniqueIdentifier>
    </Filter>
  </ItemGroup>
  <ItemGroup>
    <ClCompile Include="Main.cpp">
      <Filter>Source Files\CodingPractice</Filter>
    </ClCompile>
  </ItemGroup>
</Project>